{
  "name": "lcim",
  "version": "2.0.0",
  "lockfileVersion": 3,
  "requires": true,
  "packages": {
    "": {
      "name": "lcim",
      "version": "2.0.0",
      "license": "UNLICENSED",
      "bin": {
        "lcim": "bin/lcim.mjs"
      },
      "engines": {
        "node": ">=20.0.0"
      }
    }
  }
}
